
Microsoft Visual Studio Solution File, Format Version 12.00
# Visual Studio Version 17
VisualStudioVersion = 17.5.33516.290
MinimumVisualStudioVersion = 10.0.40219.1
Project("{FAE04EC0-301F-11D3-BF4B-00C04F79EFBC}") = "Revision", "Revision.csproj", "{69BFC7BA-4F68-45C7-A9FD-E981CF19900E}"
EndProject
Project("{FAE04EC0-301F-11D3-BF4B-00C04F79EFBC}") = "DataLayer", "..\DataLayer\DataLayer.csproj", "{E83D6E24-CCCC-46D9-A7F3-D9AB991D7512}"
EndProject
Project("{FAE04EC0-301F-11D3-BF4B-00C04F79EFBC}") = "ServiceLayer", "..\ServiceLayer\ServiceLayer.csproj", "{107853D5-9B05-4166-BFE6-46389D6C9BB7}"
EndProject
Global
	GlobalSection(SolutionConfigurationPlatforms) = preSolution
		Debug|Any CPU = Debug|Any CPU
		Release|Any CPU = Release|Any CPU
	EndGlobalSection
	GlobalSection(ProjectConfigurationPlatforms) = postSolution
		{69BFC7BA-4F68-45C7-A9FD-E981CF19900E}.Debug|Any CPU.ActiveCfg = Debug|Any CPU
		{69BFC7BA-4F68-45C7-A9FD-E981CF19900E}.Debug|Any CPU.Build.0 = Debug|Any CPU
		{69BFC7BA-4F68-45C7-A9FD-E981CF19900E}.Release|Any CPU.ActiveCfg = Release|Any CPU
		{69BFC7BA-4F68-45C7-A9FD-E981CF19900E}.Release|Any CPU.Build.0 = Release|Any CPU
		{E83D6E24-CCCC-46D9-A7F3-D9AB991D7512}.Debug|Any CPU.ActiveCfg = Debug|Any CPU
		{E83D6E24-CCCC-46D9-A7F3-D9AB991D7512}.Debug|Any CPU.Build.0 = Debug|Any CPU
		{E83D6E24-CCCC-46D9-A7F3-D9AB991D7512}.Release|Any CPU.ActiveCfg = Release|Any CPU
		{E83D6E24-CCCC-46D9-A7F3-D9AB991D7512}.Release|Any CPU.Build.0 = Release|Any CPU
		{107853D5-9B05-4166-BFE6-46389D6C9BB7}.Debug|Any CPU.ActiveCfg = Debug|Any CPU
		{107853D5-9B05-4166-BFE6-46389D6C9BB7}.Debug|Any CPU.Build.0 = Debug|Any CPU
		{107853D5-9B05-4166-BFE6-46389D6C9BB7}.Release|Any CPU.ActiveCfg = Release|Any CPU
		{107853D5-9B05-4166-BFE6-46389D6C9BB7}.Release|Any CPU.Build.0 = Release|Any CPU
	EndGlobalSection
	GlobalSection(SolutionProperties) = preSolution
		HideSolutionNode = FALSE
	EndGlobalSection
	GlobalSection(ExtensibilityGlobals) = postSolution
		SolutionGuid = {636F6E39-1776-4D2F-8D3F-F1A014620E9A}
	EndGlobalSection
EndGlobal
